
Microsoft Visual Studio Solution File, Format Version 12.00
# Visual Studio Version 17
VisualStudioVersion = 17.7.34018.315
MinimumVisualStudioVersion = 10.0.40219.1
Project("{2150E333-8FDC-42A3-9474-1A3956D46DE8}") = "Application", "Application", "{0C730744-912F-4EB2-A861-724057182228}"
EndProject
Project("{2150E333-8FDC-42A3-9474-1A3956D46DE8}") = "Domain", "Domain", "{F69D121F-5A89-48F7-B967-9AF745ADC673}"
EndProject
Project("{2150E333-8FDC-42A3-9474-1A3956D46DE8}") = "Infrastructure", "Infrastructure", "{AFB9AEB3-7CE9-4C2D-A198-E3707B3B39EF}"
EndProject
Project("{9A19103F-16F7-4668-BE54-9A1E7A4F7556}") = "ms-pessoa-domain", "ms-pessoa-domain\ms-pessoa-domain.csproj", "{A3B2BF85-0BB2-4017-B77A-96A94A6EBFCC}"
EndProject
Project("{9A19103F-16F7-4668-BE54-9A1E7A4F7556}") = "ms-pessoa-infra", "ms-pessoa-infra\ms-pessoa-infra.csproj", "{FE25BD4C-0DEB-439D-A71D-99BDB91F4066}"
EndProject
Project("{9A19103F-16F7-4668-BE54-9A1E7A4F7556}") = "ms-pessoa-api", "ms-pessoa-api\ms-pessoa-api.csproj", "{71C91FCC-FB5A-4FD8-9B1F-9B90A400AEF3}"
EndProject
Project("{2150E333-8FDC-42A3-9474-1A3956D46DE8}") = "Teste", "Teste", "{74CF1AB5-94AB-443F-8244-E111C4FF8CF6}"
EndProject
Project("{FAE04EC0-301F-11D3-BF4B-00C04F79EFBC}") = "ms-pessoa-unit-test", "ms-pessoa-unit-test\ms-pessoa-unit-test.csproj", "{5A477470-BDD0-4551-BBDD-DC984D29827B}"
EndProject
Global
	GlobalSection(SolutionConfigurationPlatforms) = preSolution
		Debug|Any CPU = Debug|Any CPU
		Release|Any CPU = Release|Any CPU
	EndGlobalSection
	GlobalSection(ProjectConfigurationPlatforms) = postSolution
		{A3B2BF85-0BB2-4017-B77A-96A94A6EBFCC}.Debug|Any CPU.ActiveCfg = Debug|Any CPU
		{A3B2BF85-0BB2-4017-B77A-96A94A6EBFCC}.Debug|Any CPU.Build.0 = Debug|Any CPU
		{A3B2BF85-0BB2-4017-B77A-96A94A6EBFCC}.Release|Any CPU.ActiveCfg = Release|Any CPU
		{A3B2BF85-0BB2-4017-B77A-96A94A6EBFCC}.Release|Any CPU.Build.0 = Release|Any CPU
		{FE25BD4C-0DEB-439D-A71D-99BDB91F4066}.Debug|Any CPU.ActiveCfg = Debug|Any CPU
		{FE25BD4C-0DEB-439D-A71D-99BDB91F4066}.Debug|Any CPU.Build.0 = Debug|Any CPU
		{FE25BD4C-0DEB-439D-A71D-99BDB91F4066}.Release|Any CPU.ActiveCfg = Release|Any CPU
		{FE25BD4C-0DEB-439D-A71D-99BDB91F4066}.Release|Any CPU.Build.0 = Release|Any CPU
		{71C91FCC-FB5A-4FD8-9B1F-9B90A400AEF3}.Debug|Any CPU.ActiveCfg = Debug|Any CPU
		{71C91FCC-FB5A-4FD8-9B1F-9B90A400AEF3}.Debug|Any CPU.Build.0 = Debug|Any CPU
		{71C91FCC-FB5A-4FD8-9B1F-9B90A400AEF3}.Release|Any CPU.ActiveCfg = Release|Any CPU
		{71C91FCC-FB5A-4FD8-9B1F-9B90A400AEF3}.Release|Any CPU.Build.0 = Release|Any CPU
		{5A477470-BDD0-4551-BBDD-DC984D29827B}.Debug|Any CPU.ActiveCfg = Debug|Any CPU
		{5A477470-BDD0-4551-BBDD-DC984D29827B}.Debug|Any CPU.Build.0 = Debug|Any CPU
		{5A477470-BDD0-4551-BBDD-DC984D29827B}.Release|Any CPU.ActiveCfg = Release|Any CPU
		{5A477470-BDD0-4551-BBDD-DC984D29827B}.Release|Any CPU.Build.0 = Release|Any CPU
	EndGlobalSection
	GlobalSection(SolutionProperties) = preSolution
		HideSolutionNode = FALSE
	EndGlobalSection
	GlobalSection(NestedProjects) = preSolution
		{A3B2BF85-0BB2-4017-B77A-96A94A6EBFCC} = {F69D121F-5A89-48F7-B967-9AF745ADC673}
		{FE25BD4C-0DEB-439D-A71D-99BDB91F4066} = {AFB9AEB3-7CE9-4C2D-A198-E3707B3B39EF}
		{71C91FCC-FB5A-4FD8-9B1F-9B90A400AEF3} = {0C730744-912F-4EB2-A861-724057182228}
		{5A477470-BDD0-4551-BBDD-DC984D29827B} = {74CF1AB5-94AB-443F-8244-E111C4FF8CF6}
	EndGlobalSection
	GlobalSection(ExtensibilityGlobals) = postSolution
		SolutionGuid = {6C2A5878-A481-400E-83B9-EE29A6253AF9}
	EndGlobalSection
EndGlobal
